PODS:
  - Alamofire (4.8.2)
  - AlamofireImage (3.5.2):
    - Alamofire (~> 4.8)
  - CenteredCollectionView (2.2.1)
  - FlexibleSteppedProgressBar (0.6.1)
  - RAMAnimatedTabBarController (5.0.1)
  - ScrollableSegmentedControl (1.5.0)
  - UICircularProgressRing (6.2.1)

DEPENDENCIES:
  - Alamofire
  - AlamofireImage
  - CenteredCollectionView
  - FlexibleSteppedProgressBar
  - RAMAnimatedTabBarController
  - ScrollableSegmentedControl (~> 1.5.0)
  - UICircularProgressRing

SPEC REPOS:
  https://github.com/cocoapods/specs.git:
    - Alamofire
    - AlamofireImage
    - CenteredCollectionView
    - FlexibleSteppedProgressBar
    - RAMAnimatedTabBarController
    - ScrollableSegmentedControl
    - UICircularProgressRing

SPEC CHECKSUMS:
  Alamofire: ae5c501addb7afdbb13687d7f2f722c78734c2d3
  AlamofireImage: 63cfe3baf1370be6c498149687cf6db3e3b00999
  CenteredCollectionView: ba6e45fb7774627890621d73c8dd7dbd33391da9
  FlexibleSteppedProgressBar: 402203e2981409ce3785a5dbd3df0234093fbd58
  RAMAnimatedTabBarController: ec36fba2fa4679fd36db55098e3477fe9bd79f52
  ScrollableSegmentedControl: 2e64bbe8968a7fcd8aae5014434481464fcdfe60
  UICircularProgressRing: b52543c79dbd89844e13f0053e3f565b7d7efc5c

PODFILE CHECKSUM: e26ce8bd52f3505eb6dc070488fea2fc88777e34

COCOAPODS: 1.7.5
